
Microsoft Visual Studio Solution File, Format Version 12.00
# Visual Studio Version 17
VisualStudioVersion = 17.0.31903.59
MinimumVisualStudioVersion = 10.0.40219.1
Project("{2150E333-8FDC-42A3-9474-1A3956D46DE8}") = "Solutions Item", "Solutions Item", "{02EA681E-C7D8-13C7-8484-4AC65E1B71E8}"
	ProjectSection(SolutionItems) = preProject
		.editorconfig = .editorconfig
		Directory.Build.props = Directory.Build.props
		Directory.Packages.props = Directory.Packages.props
		nuget.config = nuget.config
	EndProjectSection
EndProject
Project("{2150E333-8FDC-42A3-9474-1A3956D46DE8}") = "tests", "tests", "{54F1FB40-55BE-4587-B123-2D05209BA118}"
EndProject
Project("{2150E333-8FDC-42A3-9474-1A3956D46DE8}") = "modules", "modules", "{E4F0160E-05AD-4200-AC73-25810DE2DF5B}"
EndProject
Project("{2150E333-8FDC-42A3-9474-1A3956D46DE8}") = "commons", "commons", "{B2BD27E0-7D9B-418C-B474-D59F8C4C69B0}"
EndProject
Project("{2150E333-8FDC-42A3-9474-1A3956D46DE8}") = "Reports", "Reports", "{1DF99574-F5BB-444F-90BE-C3257F564673}"
EndProject
Project("{2150E333-8FDC-42A3-9474-1A3956D46DE8}") = "Notifications", "Notifications", "{760B9909-5DDC-4E2E-BBC7-B7B7589248D5}"
EndProject
Project("{2150E333-8FDC-42A3-9474-1A3956D46DE8}") = "api", "api", "{A96E9075-2A95-49ED-8D82-66F9A88A1797}"
EndProject
Project("{FAE04EC0-301F-11D3-BF4B-00C04F79EFBC}") = "Reports.Application", "modules\Reports\Reports.Application\Reports.Application.csproj", "{4AB6FAD0-34DF-4229-B3B3-A72A678E75D5}"
EndProject
Project("{FAE04EC0-301F-11D3-BF4B-00C04F79EFBC}") = "Reports.Domain", "modules\Reports\Reports.Domain\Reports.Domain.csproj", "{940E4A82-2BA3-4669-B37C-43A1C471ED6A}"
EndProject
Project("{FAE04EC0-301F-11D3-BF4B-00C04F79EFBC}") = "Reports.Infrastructure", "modules\Reports\Reports.Infrastructure\Reports.Infrastructure.csproj", "{04147069-E222-416B-8E74-F2B3C2989CD8}"
EndProject
Project("{FAE04EC0-301F-11D3-BF4B-00C04F79EFBC}") = "Notifications.Application", "modules\Notifications\Notifications.Application\Notifications.Application.csproj", "{65201235-1F97-432B-BBC9-FDFCE3521C37}"
EndProject
Project("{FAE04EC0-301F-11D3-BF4B-00C04F79EFBC}") = "Notifications.Domain", "modules\Notifications\Notifications.Domain\Notifications.Domain.csproj", "{A4D56CD1-D911-4CAC-914D-7BF1AC75842E}"
EndProject
Project("{FAE04EC0-301F-11D3-BF4B-00C04F79EFBC}") = "Notifications.Infrastructure", "modules\Notifications\Notifications.Infrastructure\Notifications.Infrastructure.csproj", "{62AE1B40-0004-4C04-A429-79C0745F8B95}"
EndProject
Project("{FAE04EC0-301F-11D3-BF4B-00C04F79EFBC}") = "Application", "commons\Application\Application.csproj", "{9BB1DE24-0555-4F8E-BC3A-AE5ED475B9EE}"
EndProject
Project("{FAE04EC0-301F-11D3-BF4B-00C04F79EFBC}") = "Domain", "commons\Domain\Domain.csproj", "{8D0D56CA-FC53-47FF-9381-A73AB79D1E0C}"
EndProject
Project("{FAE04EC0-301F-11D3-BF4B-00C04F79EFBC}") = "Infrastructure", "commons\Infrastructure\Infrastructure.csproj", "{F09AAF52-57F8-44F8-8CE2-3630B1D780A9}"
EndProject
Project("{FAE04EC0-301F-11D3-BF4B-00C04F79EFBC}") = "Reports.Test", "test\Reports.Test\Reports.Test.csproj", "{A2670EA2-D957-22E6-C564-1868BD92541B}"
EndProject
Project("{FAE04EC0-301F-11D3-BF4B-00C04F79EFBC}") = "WebApi", "api\WebApi\WebApi.csproj", "{8BE168CC-FB20-41C3-9FE4-C415F1FF9680}"
EndProject
Project("{FAE04EC0-301F-11D3-BF4B-00C04F79EFBC}") = "Notifications.Test", "test\Notifications.Test\Notifications.Test.csproj", "{A0BB197A-18B1-1A14-82B1-C9DED4F21277}"
EndProject
Project("{2150E333-8FDC-42A3-9474-1A3956D46DE8}") = "Authentications", "Authentications", "{BCA5F674-9E39-AFF2-61BC-BB172DA0AC34}"
EndProject
Project("{FAE04EC0-301F-11D3-BF4B-00C04F79EFBC}") = "Authentications.Application", "modules\Authentications\Authentications.Application\Authentications.Application.csproj", "{14BF5F04-278B-47E1-BF3F-4BBF3D8D7F0C}"
EndProject
Project("{FAE04EC0-301F-11D3-BF4B-00C04F79EFBC}") = "Authentications.Domain", "modules\Authentications\Authentications.Domain\Authentications.Domain.csproj", "{9F4044CA-B9F1-4025-9468-446B8E8D81BC}"
EndProject
Project("{FAE04EC0-301F-11D3-BF4B-00C04F79EFBC}") = "Authentications.Infrastructure", "modules\Authentications\Authentications.Infrastructure\Authentications.Infrastructure.csproj", "{3987DBDE-F116-47A8-9D32-343A330B498F}"
EndProject
Project("{FAE04EC0-301F-11D3-BF4B-00C04F79EFBC}") = "Authentications.Test", "test\Authentications.Test\Authentications.Test.csproj", "{97C6602C-F33B-1A4A-7465-76AB9E8B329A}"
EndProject
Global
	GlobalSection(SolutionConfigurationPlatforms) = preSolution
		Debug|Any CPU = Debug|Any CPU
		Debug|x64 = Debug|x64
		Debug|x86 = Debug|x86
		Release|Any CPU = Release|Any CPU
		Release|x64 = Release|x64
		Release|x86 = Release|x86
	EndGlobalSection
	GlobalSection(ProjectConfigurationPlatforms) = postSolution
		{4AB6FAD0-34DF-4229-B3B3-A72A678E75D5}.Debug|Any CPU.ActiveCfg = Debug|Any CPU
		{4AB6FAD0-34DF-4229-B3B3-A72A678E75D5}.Debug|Any CPU.Build.0 = Debug|Any CPU
		{4AB6FAD0-34DF-4229-B3B3-A72A678E75D5}.Debug|x64.ActiveCfg = Debug|Any CPU
		{4AB6FAD0-34DF-4229-B3B3-A72A678E75D5}.Debug|x64.Build.0 = Debug|Any CPU
		{4AB6FAD0-34DF-4229-B3B3-A72A678E75D5}.Debug|x86.ActiveCfg = Debug|Any CPU
		{4AB6FAD0-34DF-4229-B3B3-A72A678E75D5}.Debug|x86.Build.0 = Debug|Any CPU
		{4AB6FAD0-34DF-4229-B3B3-A72A678E75D5}.Release|Any CPU.ActiveCfg = Release|Any CPU
		{4AB6FAD0-34DF-4229-B3B3-A72A678E75D5}.Release|Any CPU.Build.0 = Release|Any CPU
		{4AB6FAD0-34DF-4229-B3B3-A72A678E75D5}.Release|x64.ActiveCfg = Release|Any CPU
		{4AB6FAD0-34DF-4229-B3B3-A72A678E75D5}.Release|x64.Build.0 = Release|Any CPU
		{4AB6FAD0-34DF-4229-B3B3-A72A678E75D5}.Release|x86.ActiveCfg = Release|Any CPU
		{4AB6FAD0-34DF-4229-B3B3-A72A678E75D5}.Release|x86.Build.0 = Release|Any CPU
		{940E4A82-2BA3-4669-B37C-43A1C471ED6A}.Debug|Any CPU.ActiveCfg = Debug|Any CPU
		{940E4A82-2BA3-4669-B37C-43A1C471ED6A}.Debug|Any CPU.Build.0 = Debug|Any CPU
		{940E4A82-2BA3-4669-B37C-43A1C471ED6A}.Debug|x64.ActiveCfg = Debug|Any CPU
		{940E4A82-2BA3-4669-B37C-43A1C471ED6A}.Debug|x64.Build.0 = Debug|Any CPU
		{940E4A82-2BA3-4669-B37C-43A1C471ED6A}.Debug|x86.ActiveCfg = Debug|Any CPU
		{940E4A82-2BA3-4669-B37C-43A1C471ED6A}.Debug|x86.Build.0 = Debug|Any CPU
		{940E4A82-2BA3-4669-B37C-43A1C471ED6A}.Release|Any CPU.ActiveCfg = Release|Any CPU
		{940E4A82-2BA3-4669-B37C-43A1C471ED6A}.Release|Any CPU.Build.0 = Release|Any CPU
		{940E4A82-2BA3-4669-B37C-43A1C471ED6A}.Release|x64.ActiveCfg = Release|Any CPU
		{940E4A82-2BA3-4669-B37C-43A1C471ED6A}.Release|x64.Build.0 = Release|Any CPU
		{940E4A82-2BA3-4669-B37C-43A1C471ED6A}.Release|x86.ActiveCfg = Release|Any CPU
		{940E4A82-2BA3-4669-B37C-43A1C471ED6A}.Release|x86.Build.0 = Release|Any CPU
		{04147069-E222-416B-8E74-F2B3C2989CD8}.Debug|Any CPU.ActiveCfg = Debug|Any CPU
		{04147069-E222-416B-8E74-F2B3C2989CD8}.Debug|Any CPU.Build.0 = Debug|Any CPU
		{04147069-E222-416B-8E74-F2B3C2989CD8}.Debug|x64.ActiveCfg = Debug|Any CPU
		{04147069-E222-416B-8E74-F2B3C2989CD8}.Debug|x64.Build.0 = Debug|Any CPU
		{04147069-E222-416B-8E74-F2B3C2989CD8}.Debug|x86.ActiveCfg = Debug|Any CPU
		{04147069-E222-416B-8E74-F2B3C2989CD8}.Debug|x86.Build.0 = Debug|Any CPU
		{04147069-E222-416B-8E74-F2B3C2989CD8}.Release|Any CPU.ActiveCfg = Release|Any CPU
		{04147069-E222-416B-8E74-F2B3C2989CD8}.Release|Any CPU.Build.0 = Release|Any CPU
		{04147069-E222-416B-8E74-F2B3C2989CD8}.Release|x64.ActiveCfg = Release|Any CPU
		{04147069-E222-416B-8E74-F2B3C2989CD8}.Release|x64.Build.0 = Release|Any CPU
		{04147069-E222-416B-8E74-F2B3C2989CD8}.Release|x86.ActiveCfg = Release|Any CPU
		{04147069-E222-416B-8E74-F2B3C2989CD8}.Release|x86.Build.0 = Release|Any CPU
		{65201235-1F97-432B-BBC9-FDFCE3521C37}.Debug|Any CPU.ActiveCfg = Debug|Any CPU
		{65201235-1F97-432B-BBC9-FDFCE3521C37}.Debug|Any CPU.Build.0 = Debug|Any CPU
		{65201235-1F97-432B-BBC9-FDFCE3521C37}.Debug|x64.ActiveCfg = Debug|Any CPU
		{65201235-1F97-432B-BBC9-FDFCE3521C37}.Debug|x64.Build.0 = Debug|Any CPU
		{65201235-1F97-432B-BBC9-FDFCE3521C37}.Debug|x86.ActiveCfg = Debug|Any CPU
		{65201235-1F97-432B-BBC9-FDFCE3521C37}.Debug|x86.Build.0 = Debug|Any CPU
		{65201235-1F97-432B-BBC9-FDFCE3521C37}.Release|Any CPU.ActiveCfg = Release|Any CPU
		{65201235-1F97-432B-BBC9-FDFCE3521C37}.Release|Any CPU.Build.0 = Release|Any CPU
		{65201235-1F97-432B-BBC9-FDFCE3521C37}.Release|x64.ActiveCfg = Release|Any CPU
		{65201235-1F97-432B-BBC9-FDFCE3521C37}.Release|x64.Build.0 = Release|Any CPU
		{65201235-1F97-432B-BBC9-FDFCE3521C37}.Release|x86.ActiveCfg = Release|Any CPU
		{65201235-1F97-432B-BBC9-FDFCE3521C37}.Release|x86.Build.0 = Release|Any CPU
		{A4D56CD1-D911-4CAC-914D-7BF1AC75842E}.Debug|Any CPU.ActiveCfg = Debug|Any CPU
		{A4D56CD1-D911-4CAC-914D-7BF1AC75842E}.Debug|Any CPU.Build.0 = Debug|Any CPU
		{A4D56CD1-D911-4CAC-914D-7BF1AC75842E}.Debug|x64.ActiveCfg = Debug|Any CPU
		{A4D56CD1-D911-4CAC-914D-7BF1AC75842E}.Debug|x64.Build.0 = Debug|Any CPU
		{A4D56CD1-D911-4CAC-914D-7BF1AC75842E}.Debug|x86.ActiveCfg = Debug|Any CPU
		{A4D56CD1-D911-4CAC-914D-7BF1AC75842E}.Debug|x86.Build.0 = Debug|Any CPU
		{A4D56CD1-D911-4CAC-914D-7BF1AC75842E}.Release|Any CPU.ActiveCfg = Release|Any CPU
		{A4D56CD1-D911-4CAC-914D-7BF1AC75842E}.Release|Any CPU.Build.0 = Release|Any CPU
		{A4D56CD1-D911-4CAC-914D-7BF1AC75842E}.Release|x64.ActiveCfg = Release|Any CPU
		{A4D56CD1-D911-4CAC-914D-7BF1AC75842E}.Release|x64.Build.0 = Release|Any CPU
		{A4D56CD1-D911-4CAC-914D-7BF1AC75842E}.Release|x86.ActiveCfg = Release|Any CPU
		{A4D56CD1-D911-4CAC-914D-7BF1AC75842E}.Release|x86.Build.0 = Release|Any CPU
		{62AE1B40-0004-4C04-A429-79C0745F8B95}.Debug|Any CPU.ActiveCfg = Debug|Any CPU
		{62AE1B40-0004-4C04-A429-79C0745F8B95}.Debug|Any CPU.Build.0 = Debug|Any CPU
		{62AE1B40-0004-4C04-A429-79C0745F8B95}.Debug|x64.ActiveCfg = Debug|Any CPU
		{62AE1B40-0004-4C04-A429-79C0745F8B95}.Debug|x64.Build.0 = Debug|Any CPU
		{62AE1B40-0004-4C04-A429-79C0745F8B95}.Debug|x86.ActiveCfg = Debug|Any CPU
		{62AE1B40-0004-4C04-A429-79C0745F8B95}.Debug|x86.Build.0 = Debug|Any CPU
		{62AE1B40-0004-4C04-A429-79C0745F8B95}.Release|Any CPU.ActiveCfg = Release|Any CPU
		{62AE1B40-0004-4C04-A429-79C0745F8B95}.Release|Any CPU.Build.0 = Release|Any CPU
		{62AE1B40-0004-4C04-A429-79C0745F8B95}.Release|x64.ActiveCfg = Release|Any CPU
		{62AE1B40-0004-4C04-A429-79C0745F8B95}.Release|x64.Build.0 = Release|Any CPU
		{62AE1B40-0004-4C04-A429-79C0745F8B95}.Release|x86.ActiveCfg = Release|Any CPU
		{62AE1B40-0004-4C04-A429-79C0745F8B95}.Release|x86.Build.0 = Release|Any CPU
		{9BB1DE24-0555-4F8E-BC3A-AE5ED475B9EE}.Debug|Any CPU.ActiveCfg = Debug|Any CPU
		{9BB1DE24-0555-4F8E-BC3A-AE5ED475B9EE}.Debug|Any CPU.Build.0 = Debug|Any CPU
		{9BB1DE24-0555-4F8E-BC3A-AE5ED475B9EE}.Debug|x64.ActiveCfg = Debug|Any CPU
		{9BB1DE24-0555-4F8E-BC3A-AE5ED475B9EE}.Debug|x64.Build.0 = Debug|Any CPU
		{9BB1DE24-0555-4F8E-BC3A-AE5ED475B9EE}.Debug|x86.ActiveCfg = Debug|Any CPU
		{9BB1DE24-0555-4F8E-BC3A-AE5ED475B9EE}.Debug|x86.Build.0 = Debug|Any CPU
		{9BB1DE24-0555-4F8E-BC3A-AE5ED475B9EE}.Release|Any CPU.ActiveCfg = Release|Any CPU
		{9BB1DE24-0555-4F8E-BC3A-AE5ED475B9EE}.Release|Any CPU.Build.0 = Release|Any CPU
		{9BB1DE24-0555-4F8E-BC3A-AE5ED475B9EE}.Release|x64.ActiveCfg = Release|Any CPU
		{9BB1DE24-0555-4F8E-BC3A-AE5ED475B9EE}.Release|x64.Build.0 = Release|Any CPU
		{9BB1DE24-0555-4F8E-BC3A-AE5ED475B9EE}.Release|x86.ActiveCfg = Release|Any CPU
		{9BB1DE24-0555-4F8E-BC3A-AE5ED475B9EE}.Release|x86.Build.0 = Release|Any CPU
		{8D0D56CA-FC53-47FF-9381-A73AB79D1E0C}.Debug|Any CPU.ActiveCfg = Debug|Any CPU
		{8D0D56CA-FC53-47FF-9381-A73AB79D1E0C}.Debug|Any CPU.Build.0 = Debug|Any CPU
		{8D0D56CA-FC53-47FF-9381-A73AB79D1E0C}.Debug|x64.ActiveCfg = Debug|Any CPU
		{8D0D56CA-FC53-47FF-9381-A73AB79D1E0C}.Debug|x64.Build.0 = Debug|Any CPU
		{8D0D56CA-FC53-47FF-9381-A73AB79D1E0C}.Debug|x86.ActiveCfg = Debug|Any CPU
		{8D0D56CA-FC53-47FF-9381-A73AB79D1E0C}.Debug|x86.Build.0 = Debug|Any CPU
		{8D0D56CA-FC53-47FF-9381-A73AB79D1E0C}.Release|Any CPU.ActiveCfg = Release|Any CPU
		{8D0D56CA-FC53-47FF-9381-A73AB79D1E0C}.Release|Any CPU.Build.0 = Release|Any CPU
		{8D0D56CA-FC53-47FF-9381-A73AB79D1E0C}.Release|x64.ActiveCfg = Release|Any CPU
		{8D0D56CA-FC53-47FF-9381-A73AB79D1E0C}.Release|x64.Build.0 = Release|Any CPU
		{8D0D56CA-FC53-47FF-9381-A73AB79D1E0C}.Release|x86.ActiveCfg = Release|Any CPU
		{8D0D56CA-FC53-47FF-9381-A73AB79D1E0C}.Release|x86.Build.0 = Release|Any CPU
		{F09AAF52-57F8-44F8-8CE2-3630B1D780A9}.Debug|Any CPU.ActiveCfg = Debug|Any CPU
		{F09AAF52-57F8-44F8-8CE2-3630B1D780A9}.Debug|Any CPU.Build.0 = Debug|Any CPU
		{F09AAF52-57F8-44F8-8CE2-3630B1D780A9}.Debug|x64.ActiveCfg = Debug|Any CPU
		{F09AAF52-57F8-44F8-8CE2-3630B1D780A9}.Debug|x64.Build.0 = Debug|Any CPU
		{F09AAF52-57F8-44F8-8CE2-3630B1D780A9}.Debug|x86.ActiveCfg = Debug|Any CPU
		{F09AAF52-57F8-44F8-8CE2-3630B1D780A9}.Debug|x86.Build.0 = Debug|Any CPU
		{F09AAF52-57F8-44F8-8CE2-3630B1D780A9}.Release|Any CPU.ActiveCfg = Release|Any CPU
		{F09AAF52-57F8-44F8-8CE2-3630B1D780A9}.Release|Any CPU.Build.0 = Release|Any CPU
		{F09AAF52-57F8-44F8-8CE2-3630B1D780A9}.Release|x64.ActiveCfg = Release|Any CPU
		{F09AAF52-57F8-44F8-8CE2-3630B1D780A9}.Release|x64.Build.0 = Release|Any CPU
		{F09AAF52-57F8-44F8-8CE2-3630B1D780A9}.Release|x86.ActiveCfg = Release|Any CPU
		{F09AAF52-57F8-44F8-8CE2-3630B1D780A9}.Release|x86.Build.0 = Release|Any CPU
		{A2670EA2-D957-22E6-C564-1868BD92541B}.Debug|Any CPU.ActiveCfg = Debug|Any CPU
		{A2670EA2-D957-22E6-C564-1868BD92541B}.Debug|Any CPU.Build.0 = Debug|Any CPU
		{A2670EA2-D957-22E6-C564-1868BD92541B}.Debug|x64.ActiveCfg = Debug|Any CPU
		{A2670EA2-D957-22E6-C564-1868BD92541B}.Debug|x64.Build.0 = Debug|Any CPU
		{A2670EA2-D957-22E6-C564-1868BD92541B}.Debug|x86.ActiveCfg = Debug|Any CPU
		{A2670EA2-D957-22E6-C564-1868BD92541B}.Debug|x86.Build.0 = Debug|Any CPU
		{A2670EA2-D957-22E6-C564-1868BD92541B}.Release|Any CPU.ActiveCfg = Release|Any CPU
		{A2670EA2-D957-22E6-C564-1868BD92541B}.Release|Any CPU.Build.0 = Release|Any CPU
		{A2670EA2-D957-22E6-C564-1868BD92541B}.Release|x64.ActiveCfg = Release|Any CPU
		{A2670EA2-D957-22E6-C564-1868BD92541B}.Release|x64.Build.0 = Release|Any CPU
		{A2670EA2-D957-22E6-C564-1868BD92541B}.Release|x86.ActiveCfg = Release|Any CPU
		{A2670EA2-D957-22E6-C564-1868BD92541B}.Release|x86.Build.0 = Release|Any CPU
		{8BE168CC-FB20-41C3-9FE4-C415F1FF9680}.Debug|Any CPU.ActiveCfg = Debug|Any CPU
		{8BE168CC-FB20-41C3-9FE4-C415F1FF9680}.Debug|Any CPU.Build.0 = Debug|Any CPU
		{8BE168CC-FB20-41C3-9FE4-C415F1FF9680}.Debug|x64.ActiveCfg = Debug|Any CPU
		{8BE168CC-FB20-41C3-9FE4-C415F1FF9680}.Debug|x64.Build.0 = Debug|Any CPU
		{8BE168CC-FB20-41C3-9FE4-C415F1FF9680}.Debug|x86.ActiveCfg = Debug|Any CPU
		{8BE168CC-FB20-41C3-9FE4-C415F1FF9680}.Debug|x86.Build.0 = Debug|Any CPU
		{8BE168CC-FB20-41C3-9FE4-C415F1FF9680}.Release|Any CPU.ActiveCfg = Release|Any CPU
		{8BE168CC-FB20-41C3-9FE4-C415F1FF9680}.Release|Any CPU.Build.0 = Release|Any CPU
		{8BE168CC-FB20-41C3-9FE4-C415F1FF9680}.Release|x64.ActiveCfg = Release|Any CPU
		{8BE168CC-FB20-41C3-9FE4-C415F1FF9680}.Release|x64.Build.0 = Release|Any CPU
		{8BE168CC-FB20-41C3-9FE4-C415F1FF9680}.Release|x86.ActiveCfg = Release|Any CPU
		{8BE168CC-FB20-41C3-9FE4-C415F1FF9680}.Release|x86.Build.0 = Release|Any CPU
		{A0BB197A-18B1-1A14-82B1-C9DED4F21277}.Debug|Any CPU.ActiveCfg = Debug|Any CPU
		{A0BB197A-18B1-1A14-82B1-C9DED4F21277}.Debug|Any CPU.Build.0 = Debug|Any CPU
		{A0BB197A-18B1-1A14-82B1-C9DED4F21277}.Debug|x64.ActiveCfg = Debug|Any CPU
		{A0BB197A-18B1-1A14-82B1-C9DED4F21277}.Debug|x64.Build.0 = Debug|Any CPU
		{A0BB197A-18B1-1A14-82B1-C9DED4F21277}.Debug|x86.ActiveCfg = Debug|Any CPU
		{A0BB197A-18B1-1A14-82B1-C9DED4F21277}.Debug|x86.Build.0 = Debug|Any CPU
		{A0BB197A-18B1-1A14-82B1-C9DED4F21277}.Release|Any CPU.ActiveCfg = Release|Any CPU
		{A0BB197A-18B1-1A14-82B1-C9DED4F21277}.Release|Any CPU.Build.0 = Release|Any CPU
		{A0BB197A-18B1-1A14-82B1-C9DED4F21277}.Release|x64.ActiveCfg = Release|Any CPU
		{A0BB197A-18B1-1A14-82B1-C9DED4F21277}.Release|x64.Build.0 = Release|Any CPU
		{A0BB197A-18B1-1A14-82B1-C9DED4F21277}.Release|x86.ActiveCfg = Release|Any CPU
		{A0BB197A-18B1-1A14-82B1-C9DED4F21277}.Release|x86.Build.0 = Release|Any CPU
		{14BF5F04-278B-47E1-BF3F-4BBF3D8D7F0C}.Debug|Any CPU.ActiveCfg = Debug|Any CPU
		{14BF5F04-278B-47E1-BF3F-4BBF3D8D7F0C}.Debug|Any CPU.Build.0 = Debug|Any CPU
		{14BF5F04-278B-47E1-BF3F-4BBF3D8D7F0C}.Debug|x64.ActiveCfg = Debug|Any CPU
		{14BF5F04-278B-47E1-BF3F-4BBF3D8D7F0C}.Debug|x64.Build.0 = Debug|Any CPU
		{14BF5F04-278B-47E1-BF3F-4BBF3D8D7F0C}.Debug|x86.ActiveCfg = Debug|Any CPU
		{14BF5F04-278B-47E1-BF3F-4BBF3D8D7F0C}.Debug|x86.Build.0 = Debug|Any CPU
		{14BF5F04-278B-47E1-BF3F-4BBF3D8D7F0C}.Release|Any CPU.ActiveCfg = Release|Any CPU
		{14BF5F04-278B-47E1-BF3F-4BBF3D8D7F0C}.Release|Any CPU.Build.0 = Release|Any CPU
		{14BF5F04-278B-47E1-BF3F-4BBF3D8D7F0C}.Release|x64.ActiveCfg = Release|Any CPU
		{14BF5F04-278B-47E1-BF3F-4BBF3D8D7F0C}.Release|x64.Build.0 = Release|Any CPU
		{14BF5F04-278B-47E1-BF3F-4BBF3D8D7F0C}.Release|x86.ActiveCfg = Release|Any CPU
		{14BF5F04-278B-47E1-BF3F-4BBF3D8D7F0C}.Release|x86.Build.0 = Release|Any CPU
		{9F4044CA-B9F1-4025-9468-446B8E8D81BC}.Debug|Any CPU.ActiveCfg = Debug|Any CPU
		{9F4044CA-B9F1-4025-9468-446B8E8D81BC}.Debug|Any CPU.Build.0 = Debug|Any CPU
		{9F4044CA-B9F1-4025-9468-446B8E8D81BC}.Debug|x64.ActiveCfg = Debug|Any CPU
		{9F4044CA-B9F1-4025-9468-446B8E8D81BC}.Debug|x64.Build.0 = Debug|Any CPU
		{9F4044CA-B9F1-4025-9468-446B8E8D81BC}.Debug|x86.ActiveCfg = Debug|Any CPU
		{9F4044CA-B9F1-4025-9468-446B8E8D81BC}.Debug|x86.Build.0 = Debug|Any CPU
		{9F4044CA-B9F1-4025-9468-446B8E8D81BC}.Release|Any CPU.ActiveCfg = Release|Any CPU
		{9F4044CA-B9F1-4025-9468-446B8E8D81BC}.Release|Any CPU.Build.0 = Release|Any CPU
		{9F4044CA-B9F1-4025-9468-446B8E8D81BC}.Release|x64.ActiveCfg = Release|Any CPU
		{9F4044CA-B9F1-4025-9468-446B8E8D81BC}.Release|x64.Build.0 = Release|Any CPU
		{9F4044CA-B9F1-4025-9468-446B8E8D81BC}.Release|x86.ActiveCfg = Release|Any CPU
		{9F4044CA-B9F1-4025-9468-446B8E8D81BC}.Release|x86.Build.0 = Release|Any CPU
		{3987DBDE-F116-47A8-9D32-343A330B498F}.Debug|Any CPU.ActiveCfg = Debug|Any CPU
		{3987DBDE-F116-47A8-9D32-343A330B498F}.Debug|Any CPU.Build.0 = Debug|Any CPU
		{3987DBDE-F116-47A8-9D32-343A330B498F}.Debug|x64.ActiveCfg = Debug|Any CPU
		{3987DBDE-F116-47A8-9D32-343A330B498F}.Debug|x64.Build.0 = Debug|Any CPU
		{3987DBDE-F116-47A8-9D32-343A330B498F}.Debug|x86.ActiveCfg = Debug|Any CPU
		{3987DBDE-F116-47A8-9D32-343A330B498F}.Debug|x86.Build.0 = Debug|Any CPU
		{3987DBDE-F116-47A8-9D32-343A330B498F}.Release|Any CPU.ActiveCfg = Release|Any CPU
		{3987DBDE-F116-47A8-9D32-343A330B498F}.Release|Any CPU.Build.0 = Release|Any CPU
		{3987DBDE-F116-47A8-9D32-343A330B498F}.Release|x64.ActiveCfg = Release|Any CPU
		{3987DBDE-F116-47A8-9D32-343A330B498F}.Release|x64.Build.0 = Release|Any CPU
		{3987DBDE-F116-47A8-9D32-343A330B498F}.Release|x86.ActiveCfg = Release|Any CPU
		{3987DBDE-F116-47A8-9D32-343A330B498F}.Release|x86.Build.0 = Release|Any CPU
		{97C6602C-F33B-1A4A-7465-76AB9E8B329A}.Debug|Any CPU.ActiveCfg = Debug|Any CPU
		{97C6602C-F33B-1A4A-7465-76AB9E8B329A}.Debug|Any CPU.Build.0 = Debug|Any CPU
		{97C6602C-F33B-1A4A-7465-76AB9E8B329A}.Debug|x64.ActiveCfg = Debug|Any CPU
		{97C6602C-F33B-1A4A-7465-76AB9E8B329A}.Debug|x64.Build.0 = Debug|Any CPU
		{97C6602C-F33B-1A4A-7465-76AB9E8B329A}.Debug|x86.ActiveCfg = Debug|Any CPU
		{97C6602C-F33B-1A4A-7465-76AB9E8B329A}.Debug|x86.Build.0 = Debug|Any CPU
		{97C6602C-F33B-1A4A-7465-76AB9E8B329A}.Release|Any CPU.ActiveCfg = Release|Any CPU
		{97C6602C-F33B-1A4A-7465-76AB9E8B329A}.Release|Any CPU.Build.0 = Release|Any CPU
		{97C6602C-F33B-1A4A-7465-76AB9E8B329A}.Release|x64.ActiveCfg = Release|Any CPU
		{97C6602C-F33B-1A4A-7465-76AB9E8B329A}.Release|x64.Build.0 = Release|Any CPU
		{97C6602C-F33B-1A4A-7465-76AB9E8B329A}.Release|x86.ActiveCfg = Release|Any CPU
		{97C6602C-F33B-1A4A-7465-76AB9E8B329A}.Release|x86.Build.0 = Release|Any CPU
	EndGlobalSection
	GlobalSection(SolutionProperties) = preSolution
		HideSolutionNode = FALSE
	EndGlobalSection
	GlobalSection(NestedProjects) = preSolution
		{1DF99574-F5BB-444F-90BE-C3257F564673} = {E4F0160E-05AD-4200-AC73-25810DE2DF5B}
		{760B9909-5DDC-4E2E-BBC7-B7B7589248D5} = {E4F0160E-05AD-4200-AC73-25810DE2DF5B}
		{4AB6FAD0-34DF-4229-B3B3-A72A678E75D5} = {1DF99574-F5BB-444F-90BE-C3257F564673}
		{940E4A82-2BA3-4669-B37C-43A1C471ED6A} = {1DF99574-F5BB-444F-90BE-C3257F564673}
		{04147069-E222-416B-8E74-F2B3C2989CD8} = {1DF99574-F5BB-444F-90BE-C3257F564673}
		{65201235-1F97-432B-BBC9-FDFCE3521C37} = {760B9909-5DDC-4E2E-BBC7-B7B7589248D5}
		{A4D56CD1-D911-4CAC-914D-7BF1AC75842E} = {760B9909-5DDC-4E2E-BBC7-B7B7589248D5}
		{62AE1B40-0004-4C04-A429-79C0745F8B95} = {760B9909-5DDC-4E2E-BBC7-B7B7589248D5}
		{9BB1DE24-0555-4F8E-BC3A-AE5ED475B9EE} = {B2BD27E0-7D9B-418C-B474-D59F8C4C69B0}
		{8D0D56CA-FC53-47FF-9381-A73AB79D1E0C} = {B2BD27E0-7D9B-418C-B474-D59F8C4C69B0}
		{F09AAF52-57F8-44F8-8CE2-3630B1D780A9} = {B2BD27E0-7D9B-418C-B474-D59F8C4C69B0}
		{A2670EA2-D957-22E6-C564-1868BD92541B} = {54F1FB40-55BE-4587-B123-2D05209BA118}
		{8BE168CC-FB20-41C3-9FE4-C415F1FF9680} = {A96E9075-2A95-49ED-8D82-66F9A88A1797}
		{A0BB197A-18B1-1A14-82B1-C9DED4F21277} = {54F1FB40-55BE-4587-B123-2D05209BA118}
		{BCA5F674-9E39-AFF2-61BC-BB172DA0AC34} = {E4F0160E-05AD-4200-AC73-25810DE2DF5B}
		{14BF5F04-278B-47E1-BF3F-4BBF3D8D7F0C} = {BCA5F674-9E39-AFF2-61BC-BB172DA0AC34}
		{9F4044CA-B9F1-4025-9468-446B8E8D81BC} = {BCA5F674-9E39-AFF2-61BC-BB172DA0AC34}
		{3987DBDE-F116-47A8-9D32-343A330B498F} = {BCA5F674-9E39-AFF2-61BC-BB172DA0AC34}
		{97C6602C-F33B-1A4A-7465-76AB9E8B329A} = {54F1FB40-55BE-4587-B123-2D05209BA118}
	EndGlobalSection
	GlobalSection(ExtensibilityGlobals) = postSolution
		SolutionGuid = {EED05FE1-F588-4F4A-B7AF-17557461C69D}
	EndGlobalSection
EndGlobal
